// !$*UTF8*$!
{
	archiveVersion = 1;
	classes = {
	};
	objectVersion = 56;
	objects = {

/* Begin PBXBuildFile section */
		6E4F86702B4D74F7002C8E26 /* MarvelAppTCAApp.swift in Sources */ = {isa = PBXBuildFile; fileRef = 6E4F866F2B4D74F7002C8E26 /* MarvelAppTCAApp.swift */; };
		6E4F86742B4D74F8002C8E26 /* Assets.xcassets in Resources */ = {isa = PBXBuildFile; fileRef = 6E4F86732B4D74F8002C8E26 /* Assets.xcassets */; };
		6E4F86772B4D74F8002C8E26 /* Preview Assets.xcassets in Resources */ = {isa = PBXBuildFile; fileRef = 6E4F86762B4D74F8002C8E26 /* Preview Assets.xcassets */; };
		6E4F868B2B4D74F8002C8E26 /* MarvelAppTCAUITests.swift in Sources */ = {isa = PBXBuildFile; fileRef = 6E4F868A2B4D74F8002C8E26 /* MarvelAppTCAUITests.swift */; };
		6E4F868D2B4D74F8002C8E26 /* MarvelAppTCAUITestsLaunchTests.swift in Sources */ = {isa = PBXBuildFile; fileRef = 6E4F868C2B4D74F8002C8E26 /* MarvelAppTCAUITestsLaunchTests.swift */; };
		6E4F869B2B4D76CD002C8E26 /* ComposableArchitecture in Frameworks */ = {isa = PBXBuildFile; productRef = 6E4F869A2B4D76CD002C8E26 /* ComposableArchitecture */; };
		6E4F869E2B4D77F7002C8E26 /* Networking in Frameworks */ = {isa = PBXBuildFile; productRef = 6E4F869D2B4D77F7002C8E26 /* Networking */; };
		6E4F86A02B4D7820002C8E26 /* Networking in Resources */ = {isa = PBXBuildFile; fileRef = 6E4F869F2B4D7820002C8E26 /* Networking */; };
		6E4F86A52B4D7EDD002C8E26 /* ComicsFeature.swift in Sources */ = {isa = PBXBuildFile; fileRef = 6E4F86A42B4D7EDD002C8E26 /* ComicsFeature.swift */; };
		6E4F86A82B4D7FD5002C8E26 /* Comic.swift in Sources */ = {isa = PBXBuildFile; fileRef = 6E4F86A72B4D7FD5002C8E26 /* Comic.swift */; };
		6E4F86AA2B4D7FF3002C8E26 /* Price.swift in Sources */ = {isa = PBXBuildFile; fileRef = 6E4F86A92B4D7FF3002C8E26 /* Price.swift */; };
		6E4F86AC2B4D8004002C8E26 /* ImageURL.swift in Sources */ = {isa = PBXBuildFile; fileRef = 6E4F86AB2B4D8004002C8E26 /* ImageURL.swift */; };
		6E4F86AF2B4D806B002C8E26 /* Localizable.swift in Sources */ = {isa = PBXBuildFile; fileRef = 6E4F86AE2B4D806B002C8E26 /* Localizable.swift */; };
		6E4F86B42B4D80BD002C8E26 /* Localizable.strings in Resources */ = {isa = PBXBuildFile; fileRef = 6E4F86B62B4D80BD002C8E26 /* Localizable.strings */; };
		6E4F86BA2B4D82A5002C8E26 /* ComicsView.swift in Sources */ = {isa = PBXBuildFile; fileRef = 6E4F86B92B4D82A5002C8E26 /* ComicsView.swift */; };
		6E4F86BC2B4D86B5002C8E26 /* ComicRow.swift in Sources */ = {isa = PBXBuildFile; fileRef = 6E4F86BB2B4D86B5002C8E26 /* ComicRow.swift */; };
		6E4F86C12B4D8DF2002C8E26 /* ComicsEndpoint.swift in Sources */ = {isa = PBXBuildFile; fileRef = 6E4F86C02B4D8DF2002C8E26 /* ComicsEndpoint.swift */; };
		6E4F86C42B4D8E87002C8E26 /* ComicsClient.swift in Sources */ = {isa = PBXBuildFile; fileRef = 6E4F86C32B4D8E87002C8E26 /* ComicsClient.swift */; };
		6E4F86C62B4D900E002C8E26 /* ComicResponse.swift in Sources */ = {isa = PBXBuildFile; fileRef = 6E4F86C52B4D900E002C8E26 /* ComicResponse.swift */; };
		6E4F86CA2B4DB4EF002C8E26 /* CachedAsyncImage.swift in Sources */ = {isa = PBXBuildFile; fileRef = 6E4F86C92B4DB4EF002C8E26 /* CachedAsyncImage.swift */; };
		6E4F86CC2B4DBF8B002C8E26 /* ComicDetailView.swift in Sources */ = {isa = PBXBuildFile; fileRef = 6E4F86CB2B4DBF8B002C8E26 /* ComicDetailView.swift */; };
		6EE90AD82B4E00D0006364CF /* ComicsFeatureTests.swift in Sources */ = {isa = PBXBuildFile; fileRef = 6EE90AD72B4E00D0006364CF /* ComicsFeatureTests.swift */; };
		6EE90ADA2B4E026F006364CF /* MockComics.swift in Sources */ = {isa = PBXBuildFile; fileRef = 6EE90AD92B4E026F006364CF /* MockComics.swift */; };
/* End PBXBuildFile section */

/* Begin PBXContainerItemProxy section */
		6E4F867D2B4D74F8002C8E26 /* PBXContainerItemProxy */ = {
			isa = PBXContainerItemProxy;
			containerPortal = 6E4F86642B4D74F7002C8E26 /* Project object */;
			proxyType = 1;
			remoteGlobalIDString = 6E4F866B2B4D74F7002C8E26;
			remoteInfo = MarvelAppTCA;
		};
		6E4F86872B4D74F8002C8E26 /* PBXContainerItemProxy */ = {
			isa = PBXContainerItemProxy;
			containerPortal = 6E4F86642B4D74F7002C8E26 /* Project object */;
			proxyType = 1;
			remoteGlobalIDString = 6E4F866B2B4D74F7002C8E26;
			remoteInfo = MarvelAppTCA;
		};
/* End PBXContainerItemProxy section */

/* Begin PBXFileReference section */
		6E4F866C2B4D74F7002C8E26 /* MarvelAppTCA.app */ = {isa = PBXFileReference; explicitFileType = wrapper.application; includeInIndex = 0; path = MarvelAppTCA.app; sourceTree = BUILT_PRODUCTS_DIR; };
		6E4F866F2B4D74F7002C8E26 /* MarvelAppTCAApp.swift */ = {isa = PBXFileReference; lastKnownFileType = sourcecode.swift; path = MarvelAppTCAApp.swift; sourceTree = "<group>"; };
		6E4F86732B4D74F8002C8E26 /* Assets.xcassets */ = {isa = PBXFileReference; lastKnownFileType = folder.assetcatalog; path = Assets.xcassets; sourceTree = "<group>"; };
		6E4F86762B4D74F8002C8E26 /* Preview Assets.xcassets */ = {isa = PBXFileReference; lastKnownFileType = folder.assetcatalog; path = "Preview Assets.xcassets"; sourceTree = "<group>"; };
		6E4F867C2B4D74F8002C8E26 /* MarvelAppTCATests.xctest */ = {isa = PBXFileReference; explicitFileType = wrapper.cfbundle; includeInIndex = 0; path = MarvelAppTCATests.xctest; sourceTree = BUILT_PRODUCTS_DIR; };
		6E4F86862B4D74F8002C8E26 /* MarvelAppTCAUITests.xctest */ = {isa = PBXFileReference; explicitFileType = wrapper.cfbundle; includeInIndex = 0; path = MarvelAppTCAUITests.xctest; sourceTree = BUILT_PRODUCTS_DIR; };
		6E4F868A2B4D74F8002C8E26 /* MarvelAppTCAUITests.swift */ = {isa = PBXFileReference; lastKnownFileType = sourcecode.swift; path = MarvelAppTCAUITests.swift; sourceTree = "<group>"; };
		6E4F868C2B4D74F8002C8E26 /* MarvelAppTCAUITestsLaunchTests.swift */ = {isa = PBXFileReference; lastKnownFileType = sourcecode.swift; path = MarvelAppTCAUITestsLaunchTests.swift; sourceTree = "<group>"; };
		6E4F869F2B4D7820002C8E26 /* Networking */ = {isa = PBXFileReference; lastKnownFileType = wrapper; path = Networking; sourceTree = "<group>"; };
		6E4F86A42B4D7EDD002C8E26 /* ComicsFeature.swift */ = {isa = PBXFileReference; lastKnownFileType = sourcecode.swift; path = ComicsFeature.swift; sourceTree = "<group>"; };
		6E4F86A72B4D7FD5002C8E26 /* Comic.swift */ = {isa = PBXFileReference; lastKnownFileType = sourcecode.swift; path = Comic.swift; sourceTree = "<group>"; };
		6E4F86A92B4D7FF3002C8E26 /* Price.swift */ = {isa = PBXFileReference; lastKnownFileType = sourcecode.swift; path = Price.swift; sourceTree = "<group>"; };
		6E4F86AB2B4D8004002C8E26 /* ImageURL.swift */ = {isa = PBXFileReference; lastKnownFileType = sourcecode.swift; path = ImageURL.swift; sourceTree = "<group>"; };
		6E4F86AE2B4D806B002C8E26 /* Localizable.swift */ = {isa = PBXFileReference; lastKnownFileType = sourcecode.swift; path = Localizable.swift; sourceTree = "<group>"; };
		6E4F86B52B4D80BD002C8E26 /* pt-BR */ = {isa = PBXFileReference; lastKnownFileType = text.plist.strings; name = "pt-BR"; path = "pt-BR.lproj/Localizable.strings"; sourceTree = "<group>"; };
		6E4F86B72B4D80C1002C8E26 /* en */ = {isa = PBXFileReference; lastKnownFileType = text.plist.strings; name = en; path = en.lproj/Localizable.strings; sourceTree = "<group>"; };
		6E4F86B92B4D82A5002C8E26 /* ComicsView.swift */ = {isa = PBXFileReference; lastKnownFileType = sourcecode.swift; path = ComicsView.swift; sourceTree = "<group>"; };
		6E4F86BB2B4D86B5002C8E26 /* ComicRow.swift */ = {isa = PBXFileReference; lastKnownFileType = sourcecode.swift; path = ComicRow.swift; sourceTree = "<group>"; };
		6E4F86BD2B4D8CA1002C8E26 /* Info.plist */ = {isa = PBXFileReference; lastKnownFileType = text.plist; path = Info.plist; sourceTree = "<group>"; };
		6E4F86C02B4D8DF2002C8E26 /* ComicsEndpoint.swift */ = {isa = PBXFileReference; lastKnownFileType = sourcecode.swift; path = ComicsEndpoint.swift; sourceTree = "<group>"; };
		6E4F86C32B4D8E87002C8E26 /* ComicsClient.swift */ = {isa = PBXFileReference; lastKnownFileType = sourcecode.swift; path = ComicsClient.swift; sourceTree = "<group>"; };
		6E4F86C52B4D900E002C8E26 /* ComicResponse.swift */ = {isa = PBXFileReference; lastKnownFileType = sourcecode.swift; path = ComicResponse.swift; sourceTree = "<group>"; };
		6E4F86C92B4DB4EF002C8E26 /* CachedAsyncImage.swift */ = {isa = PBXFileReference; lastKnownFileType = sourcecode.swift; path = CachedAsyncImage.swift; sourceTree = "<group>"; };
		6E4F86CB2B4DBF8B002C8E26 /* ComicDetailView.swift */ = {isa = PBXFileReference; lastKnownFileType = sourcecode.swift; path = ComicDetailView.swift; sourceTree = "<group>"; };
		6EE90AD62B4E00CF006364CF /* MarvelAppTCATests-Bridging-Header.h */ = {isa = PBXFileReference; lastKnownFileType = sourcecode.c.h; path = "MarvelAppTCATests-Bridging-Header.h"; sourceTree = "<group>"; };
		6EE90AD72B4E00D0006364CF /* ComicsFeatureTests.swift */ = {isa = PBXFileReference; lastKnownFileType = sourcecode.swift; path = ComicsFeatureTests.swift; sourceTree = "<group>"; };
		6EE90AD92B4E026F006364CF /* MockComics.swift */ = {isa = PBXFileReference; lastKnownFileType = sourcecode.swift; path = MockComics.swift; sourceTree = "<group>"; };
/* End PBXFileReference section */

/* Begin PBXFrameworksBuildPhase section */
		6E4F86692B4D74F7002C8E26 /* Frameworks */ = {
			isa = PBXFrameworksBuildPhase;
			buildActionMask = 2147483647;
			files = (
				6E4F869E2B4D77F7002C8E26 /* Networking in Frameworks */,
				6E4F869B2B4D76CD002C8E26 /* ComposableArchitecture in Frameworks */,
			);
			runOnlyForDeploymentPostprocessing = 0;
		};
		6E4F86792B4D74F8002C8E26 /* Frameworks */ = {
			isa = PBXFrameworksBuildPhase;
			buildActionMask = 2147483647;
			files = (
			);
			runOnlyForDeploymentPostprocessing = 0;
		};
		6E4F86832B4D74F8002C8E26 /* Frameworks */ = {
			isa = PBXFrameworksBuildPhase;
			buildActionMask = 2147483647;
			files = (
			);
			runOnlyForDeploymentPostprocessing = 0;
		};
/* End PBXFrameworksBuildPhase section */

/* Begin PBXGroup section */
		6E4F86632B4D74F7002C8E26 = {
			isa = PBXGroup;
			children = (
				6E4F869F2B4D7820002C8E26 /* Networking */,
				6E4F866E2B4D74F7002C8E26 /* MarvelAppTCA */,
				6E4F867F2B4D74F8002C8E26 /* MarvelAppTCATests */,
				6E4F86892B4D74F8002C8E26 /* MarvelAppTCAUITests */,
				6E4F866D2B4D74F7002C8E26 /* Products */,
			);
			sourceTree = "<group>";
		};
		6E4F866D2B4D74F7002C8E26 /* Products */ = {
			isa = PBXGroup;
			children = (
				6E4F866C2B4D74F7002C8E26 /* MarvelAppTCA.app */,
				6E4F867C2B4D74F8002C8E26 /* MarvelAppTCATests.xctest */,
				6E4F86862B4D74F8002C8E26 /* MarvelAppTCAUITests.xctest */,
			);
			name = Products;
			sourceTree = "<group>";
		};
		6E4F866E2B4D74F7002C8E26 /* MarvelAppTCA */ = {
			isa = PBXGroup;
			children = (
				6E4F86BF2B4D8DB8002C8E26 /* Client */,
				6E4F86A32B4D7E8E002C8E26 /* Features */,
				6E4F86AD2B4D8036002C8E26 /* Localizable */,
				6E4F86A62B4D7FCA002C8E26 /* Models */,
				6E4F86C72B4DB4CD002C8E26 /* Shared */,
				6E4F86B82B4D8290002C8E26 /* Views */,
				6E4F86BD2B4D8CA1002C8E26 /* Info.plist */,
				6E4F866F2B4D74F7002C8E26 /* MarvelAppTCAApp.swift */,
				6E4F86732B4D74F8002C8E26 /* Assets.xcassets */,
				6E4F86752B4D74F8002C8E26 /* Preview Content */,
			);
			path = MarvelAppTCA;
			sourceTree = "<group>";
		};
		6E4F86752B4D74F8002C8E26 /* Preview Content */ = {
			isa = PBXGroup;
			children = (
				6E4F86762B4D74F8002C8E26 /* Preview Assets.xcassets */,
			);
			path = "Preview Content";
			sourceTree = "<group>";
		};
		6E4F867F2B4D74F8002C8E26 /* MarvelAppTCATests */ = {
			isa = PBXGroup;
			children = (
				6EE90AD72B4E00D0006364CF /* ComicsFeatureTests.swift */,
				6EE90AD62B4E00CF006364CF /* MarvelAppTCATests-Bridging-Header.h */,
				6EE90AD92B4E026F006364CF /* MockComics.swift */,
			);
			path = MarvelAppTCATests;
			sourceTree = "<group>";
		};
		6E4F86892B4D74F8002C8E26 /* MarvelAppTCAUITests */ = {
			isa = PBXGroup;
			children = (
				6E4F868A2B4D74F8002C8E26 /* MarvelAppTCAUITests.swift */,
				6E4F868C2B4D74F8002C8E26 /* MarvelAppTCAUITestsLaunchTests.swift */,
			);
			path = MarvelAppTCAUITests;
			sourceTree = "<group>";
		};
		6E4F86A32B4D7E8E002C8E26 /* Features */ = {
			isa = PBXGroup;
			children = (
				6E4F86A42B4D7EDD002C8E26 /* ComicsFeature.swift */,
			);
			path = Features;
			sourceTree = "<group>";
		};
		6E4F86A62B4D7FCA002C8E26 /* Models */ = {
			isa = PBXGroup;
			children = (
				6E4F86A72B4D7FD5002C8E26 /* Comic.swift */,
				6E4F86A92B4D7FF3002C8E26 /* Price.swift */,
				6E4F86AB2B4D8004002C8E26 /* ImageURL.swift */,
				6E4F86C52B4D900E002C8E26 /* ComicResponse.swift */,
			);
			path = Models;
			sourceTree = "<group>";
		};
		6E4F86AD2B4D8036002C8E26 /* Localizable */ = {
			isa = PBXGroup;
			children = (
				6E4F86AE2B4D806B002C8E26 /* Localizable.swift */,
				6E4F86B62B4D80BD002C8E26 /* Localizable.strings */,
			);
			path = Localizable;
			sourceTree = "<group>";
		};
		6E4F86B82B4D8290002C8E26 /* Views */ = {
			isa = PBXGroup;
			children = (
				6E4F86B92B4D82A5002C8E26 /* ComicsView.swift */,
				6E4F86BB2B4D86B5002C8E26 /* ComicRow.swift */,
				6E4F86CB2B4DBF8B002C8E26 /* ComicDetailView.swift */,
			);
			path = Views;
			sourceTree = "<group>";
		};
		6E4F86BF2B4D8DB8002C8E26 /* Client */ = {
			isa = PBXGroup;
			children = (
				6E4F86C02B4D8DF2002C8E26 /* ComicsEndpoint.swift */,
				6E4F86C32B4D8E87002C8E26 /* ComicsClient.swift */,
			);
			path = Client;
			sourceTree = "<group>";
		};
		6E4F86C72B4DB4CD002C8E26 /* Shared */ = {
			isa = PBXGroup;
			children = (
				6E4F86C82B4DB4DC002C8E26 /* Views */,
			);
			path = Shared;
			sourceTree = "<group>";
		};
		6E4F86C82B4DB4DC002C8E26 /* Views */ = {
			isa = PBXGroup;
			children = (
				6E4F86C92B4DB4EF002C8E26 /* CachedAsyncImage.swift */,
			);
			path = Views;
			sourceTree = "<group>";
		};
/* End PBXGroup section */

/* Begin PBXNativeTarget section */
		6E4F866B2B4D74F7002C8E26 /* MarvelAppTCA */ = {
			isa = PBXNativeTarget;
			buildConfigurationList = 6E4F86902B4D74F8002C8E26 /* Build configuration list for PBXNativeTarget "MarvelAppTCA" */;
			buildPhases = (
				6E4F86682B4D74F7002C8E26 /* Sources */,
				6E4F86692B4D74F7002C8E26 /* Frameworks */,
				6E4F866A2B4D74F7002C8E26 /* Resources */,
			);
			buildRules = (
			);
			dependencies = (
			);
			name = MarvelAppTCA;
			packageProductDependencies = (
				6E4F869A2B4D76CD002C8E26 /* ComposableArchitecture */,
				6E4F869D2B4D77F7002C8E26 /* Networking */,
			);
			productName = MarvelAppTCA;
			productReference = 6E4F866C2B4D74F7002C8E26 /* MarvelAppTCA.app */;
			productType = "com.apple.product-type.application";
		};
		6E4F867B2B4D74F8002C8E26 /* MarvelAppTCATests */ = {
			isa = PBXNativeTarget;
			buildConfigurationList = 6E4F86932B4D74F8002C8E26 /* Build configuration list for PBXNativeTarget "MarvelAppTCATests" */;
			buildPhases = (
				6E4F86782B4D74F8002C8E26 /* Sources */,
				6E4F86792B4D74F8002C8E26 /* Frameworks */,
				6E4F867A2B4D74F8002C8E26 /* Resources */,
			);
			buildRules = (
			);
			dependencies = (
				6E4F867E2B4D74F8002C8E26 /* PBXTargetDependency */,
			);
			name = MarvelAppTCATests;
			productName = MarvelAppTCATests;
			productReference = 6E4F867C2B4D74F8002C8E26 /* MarvelAppTCATests.xctest */;
			productType = "com.apple.product-type.bundle.unit-test";
		};
		6E4F86852B4D74F8002C8E26 /* MarvelAppTCAUITests */ = {
			isa = PBXNativeTarget;
			buildConfigurationList = 6E4F86962B4D74F8002C8E26 /* Build configuration list for PBXNativeTarget "MarvelAppTCAUITests" */;
			buildPhases = (
				6E4F86822B4D74F8002C8E26 /* Sources */,
				6E4F86832B4D74F8002C8E26 /* Frameworks */,
				6E4F86842B4D74F8002C8E26 /* Resources */,
			);
			buildRules = (
			);
			dependencies = (
				6E4F86882B4D74F8002C8E26 /* PBXTargetDependency */,
			);
			name = MarvelAppTCAUITests;
			productName = MarvelAppTCAUITests;
			productReference = 6E4F86862B4D74F8002C8E26 /* MarvelAppTCAUITests.xctest */;
			productType = "com.apple.product-type.bundle.ui-testing";
		};
/* End PBXNativeTarget section */

/* Begin PBXProject section */
		6E4F86642B4D74F7002C8E26 /* Project object */ = {
			isa = PBXProject;
			attributes = {
				BuildIndependentTargetsInParallel = 1;
				LastSwiftUpdateCheck = 1510;
				LastUpgradeCheck = 1510;
				TargetAttributes = {
					6E4F866B2B4D74F7002C8E26 = {
						CreatedOnToolsVersion = 15.1;
					};
					6E4F867B2B4D74F8002C8E26 = {
						CreatedOnToolsVersion = 15.1;
						LastSwiftMigration = 1510;
						TestTargetID = 6E4F866B2B4D74F7002C8E26;
					};
					6E4F86852B4D74F8002C8E26 = {
						CreatedOnToolsVersion = 15.1;
						TestTargetID = 6E4F866B2B4D74F7002C8E26;
					};
				};
			};
			buildConfigurationList = 6E4F86672B4D74F7002C8E26 /* Build configuration list for PBXProject "MarvelAppTCA" */;
			compatibilityVersion = "Xcode 14.0";
			developmentRegion = en;
			hasScannedForEncodings = 0;
			knownRegions = (
				en,
				Base,
				"pt-BR",
			);
			mainGroup = 6E4F86632B4D74F7002C8E26;
			packageReferences = (
				6E4F86992B4D76CD002C8E26 /* XCRemoteSwiftPackageReference "swift-composable-architecture" */,
			);
			productRefGroup = 6E4F866D2B4D74F7002C8E26 /* Products */;
			projectDirPath = "";
			projectRoot = "";
			targets = (
				6E4F866B2B4D74F7002C8E26 /* MarvelAppTCA */,
				6E4F867B2B4D74F8002C8E26 /* MarvelAppTCATests */,
				6E4F86852B4D74F8002C8E26 /* MarvelAppTCAUITests */,
			);
		};
/* End PBXProject section */

/* Begin PBXResourcesBuildPhase section */
		6E4F866A2B4D74F7002C8E26 /* Resources */ = {
			isa = PBXResourcesBuildPhase;
			buildActionMask = 2147483647;
			files = (
				6E4F86A02B4D7820002C8E26 /* Networking in Resources */,
				6E4F86B42B4D80BD002C8E26 /* Localizable.strings in Resources */,
				6E4F86772B4D74F8002C8E26 /* Preview Assets.xcassets in Resources */,
				6E4F86742B4D74F8002C8E26 /* Assets.xcassets in Resources */,
			);
			runOnlyForDeploymentPostprocessing = 0;
		};
		6E4F867A2B4D74F8002C8E26 /* Resources */ = {
			isa = PBXResourcesBuildPhase;
			buildActionMask = 2147483647;
			files = (
			);
			runOnlyForDeploymentPostprocessing = 0;
		};
		6E4F86842B4D74F8002C8E26 /* Resources */ = {
			isa = PBXResourcesBuildPhase;
			buildActionMask = 2147483647;
			files = (
			);
			runOnlyForDeploymentPostprocessing = 0;
		};
/* End PBXResourcesBuildPhase section */

/* Begin PBXSourcesBuildPhase section */
		6E4F86682B4D74F7002C8E26 /* Sources */ = {
			isa = PBXSourcesBuildPhase;
			buildActionMask = 2147483647;
			files = (
				6E4F86AF2B4D806B002C8E26 /* Localizable.swift in Sources */,
				6E4F86C12B4D8DF2002C8E26 /* ComicsEndpoint.swift in Sources */,
				6E4F86BA2B4D82A5002C8E26 /* ComicsView.swift in Sources */,
				6E4F86AC2B4D8004002C8E26 /* ImageURL.swift in Sources */,
				6E4F86C42B4D8E87002C8E26 /* ComicsClient.swift in Sources */,
				6E4F86BC2B4D86B5002C8E26 /* ComicRow.swift in Sources */,
				6E4F86A82B4D7FD5002C8E26 /* Comic.swift in Sources */,
				6E4F86702B4D74F7002C8E26 /* MarvelAppTCAApp.swift in Sources */,
				6E4F86AA2B4D7FF3002C8E26 /* Price.swift in Sources */,
				6E4F86C62B4D900E002C8E26 /* ComicResponse.swift in Sources */,
				6E4F86CC2B4DBF8B002C8E26 /* ComicDetailView.swift in Sources */,
				6E4F86CA2B4DB4EF002C8E26 /* CachedAsyncImage.swift in Sources */,
				6E4F86A52B4D7EDD002C8E26 /* ComicsFeature.swift in Sources */,
			);
			runOnlyForDeploymentPostprocessing = 0;
		};
		6E4F86782B4D74F8002C8E26 /* Sources */ = {
			isa = PBXSourcesBuildPhase;
			buildActionMask = 2147483647;
			files = (
				6EE90AD82B4E00D0006364CF /* ComicsFeatureTests.swift in Sources */,
				6EE90ADA2B4E026F006364CF /* MockComics.swift in Sources */,
			);
			runOnlyForDeploymentPostprocessing = 0;
		};
		6E4F86822B4D74F8002C8E26 /* Sources */ = {
			isa = PBXSourcesBuildPhase;
			buildActionMask = 2147483647;
			files = (
				6E4F868D2B4D74F8002C8E26 /* MarvelAppTCAUITestsLaunchTests.swift in Sources */,
				6E4F868B2B4D74F8002C8E26 /* MarvelAppTCAUITests.swift in Sources */,
			);
			runOnlyForDeploymentPostprocessing = 0;
		};
/* End PBXSourcesBuildPhase section */

/* Begin PBXTargetDependency section */
		6E4F867E2B4D74F8002C8E26 /* PBXTargetDependency */ = {
			isa = PBXTargetDependency;
			target = 6E4F866B2B4D74F7002C8E26 /* MarvelAppTCA */;
			targetProxy = 6E4F867D2B4D74F8002C8E26 /* PBXContainerItemProxy */;
		};
		6E4F86882B4D74F8002C8E26 /* PBXTargetDependency */ = {
			isa = PBXTargetDependency;
			target = 6E4F866B2B4D74F7002C8E26 /* MarvelAppTCA */;
			targetProxy = 6E4F86872B4D74F8002C8E26 /* PBXContainerItemProxy */;
		};
/* End PBXTargetDependency section */

/* Begin PBXVariantGroup section */
		6E4F86B62B4D80BD002C8E26 /* Localizable.strings */ = {
			isa = PBXVariantGroup;
			children = (
				6E4F86B52B4D80BD002C8E26 /* pt-BR */,
				6E4F86B72B4D80C1002C8E26 /* en */,
			);
			name = Localizable.strings;
			sourceTree = "<group>";
		};
/* End PBXVariantGroup section */

/* Begin XCBuildConfiguration section */
		6E4F868E2B4D74F8002C8E26 /* Debug */ = {
			isa = XCBuildConfiguration;
			buildSettings = {
				ALWAYS_SEARCH_USER_PATHS = NO;
				ASSETCATALOG_COMPILER_GENERATE_SWIFT_ASSET_SYMBOL_EXTENSIONS = YES;
				CLANG_ANALYZER_NONNULL = YES;
				CLANG_ANALYZER_NUMBER_OBJECT_CONVERSION = YES_AGGRESSIVE;
				CLANG_CXX_LANGUAGE_STANDARD = "gnu++20";
				CLANG_ENABLE_MODULES = YES;
				CLANG_ENABLE_OBJC_ARC = YES;
				CLANG_ENABLE_OBJC_WEAK = YES;
				CLANG_WARN_BLOCK_CAPTURE_AUTORELEASING = YES;
				CLANG_WARN_BOOL_CONVERSION = YES;
				CLANG_WARN_COMMA = YES;
				CLANG_WARN_CONSTANT_CONVERSION = YES;
				CLANG_WARN_DEPRECATED_OBJC_IMPLEMENTATIONS = YES;
				CLANG_WARN_DIRECT_OBJC_ISA_USAGE = YES_ERROR;
				CLANG_WARN_DOCUMENTATION_COMMENTS = YES;
				CLANG_WARN_EMPTY_BODY = YES;
				CLANG_WARN_ENUM_CONVERSION = YES;
				CLANG_WARN_INFINITE_RECURSION = YES;
				CLANG_WARN_INT_CONVERSION = YES;
				CLANG_WARN_NON_LITERAL_NULL_CONVERSION = YES;
				CLANG_WARN_OBJC_IMPLICIT_RETAIN_SELF = YES;
				CLANG_WARN_OBJC_LITERAL_CONVERSION = YES;
				CLANG_WARN_OBJC_ROOT_CLASS = YES_ERROR;
				CLANG_WARN_QUOTED_INCLUDE_IN_FRAMEWORK_HEADER = YES;
				CLANG_WARN_RANGE_LOOP_ANALYSIS = YES;
				CLANG_WARN_STRICT_PROTOTYPES = YES;
				CLANG_WARN_SUSPICIOUS_MOVE = YES;
				CLANG_WARN_UNGUARDED_AVAILABILITY = YES_AGGRESSIVE;
				CLANG_WARN_UNREACHABLE_CODE = YES;
				CLANG_WARN__DUPLICATE_METHOD_MATCH = YES;
				COPY_PHASE_STRIP = NO;
				DEBUG_INFORMATION_FORMAT = dwarf;
				ENABLE_STRICT_OBJC_MSGSEND = YES;
				ENABLE_TESTABILITY = YES;
				ENABLE_USER_SCRIPT_SANDBOXING = YES;
				GCC_C_LANGUAGE_STANDARD = gnu17;
				GCC_DYNAMIC_NO_PIC = NO;
				GCC_NO_COMMON_BLOCKS = YES;
				GCC_OPTIMIZATION_LEVEL = 0;
				GCC_PREPROCESSOR_DEFINITIONS = (
					"DEBUG=1",
					"$(inherited)",
				);
				GCC_WARN_64_TO_32_BIT_CONVERSION = YES;
				GCC_WARN_ABOUT_RETURN_TYPE = YES_ERROR;
				GCC_WARN_UNDECLARED_SELECTOR = YES;
				GCC_WARN_UNINITIALIZED_AUTOS = YES_AGGRESSIVE;
				GCC_WARN_UNUSED_FUNCTION = YES;
				GCC_WARN_UNUSED_VARIABLE = YES;
				IPHONEOS_DEPLOYMENT_TARGET = 17.2;
				LOCALIZATION_PREFERS_STRING_CATALOGS = YES;
				MTL_ENABLE_DEBUG_INFO = INCLUDE_SOURCE;
				MTL_FAST_MATH = YES;
				ONLY_ACTIVE_ARCH = YES;
				SDKROOT = iphoneos;
				SWIFT_ACTIVE_COMPILATION_CONDITIONS = "DEBUG $(inherited)";
				SWIFT_OPTIMIZATION_LEVEL = "-Onone";
			};
			name = Debug;
		};
		6E4F868F2B4D74F8002C8E26 /* Release */ = {
			isa = XCBuildConfiguration;
			buildSettings = {
				ALWAYS_SEARCH_USER_PATHS = NO;
				ASSETCATALOG_COMPILER_GENERATE_SWIFT_ASSET_SYMBOL_EXTENSIONS = YES;
				CLANG_ANALYZER_NONNULL = YES;
				CLANG_ANALYZER_NUMBER_OBJECT_CONVERSION = YES_AGGRESSIVE;
				CLANG_CXX_LANGUAGE_STANDARD = "gnu++20";
				CLANG_ENABLE_MODULES = YES;
				CLANG_ENABLE_OBJC_ARC = YES;
				CLANG_ENABLE_OBJC_WEAK = YES;
				CLANG_WARN_BLOCK_CAPTURE_AUTORELEASING = YES;
				CLANG_WARN_BOOL_CONVERSION = YES;
				CLANG_WARN_COMMA = YES;
				CLANG_WARN_CONSTANT_CONVERSION = YES;
				CLANG_WARN_DEPRECATED_OBJC_IMPLEMENTATIONS = YES;
				CLANG_WARN_DIRECT_OBJC_ISA_USAGE = YES_ERROR;
				CLANG_WARN_DOCUMENTATION_COMMENTS = YES;
				CLANG_WARN_EMPTY_BODY = YES;
				CLANG_WARN_ENUM_CONVERSION = YES;
				CLANG_WARN_INFINITE_RECURSION = YES;
				CLANG_WARN_INT_CONVERSION = YES;
				CLANG_WARN_NON_LITERAL_NULL_CONVERSION = YES;
				CLANG_WARN_OBJC_IMPLICIT_RETAIN_SELF = YES;
				CLANG_WARN_OBJC_LITERAL_CONVERSION = YES;
				CLANG_WARN_OBJC_ROOT_CLASS = YES_ERROR;
				CLANG_WARN_QUOTED_INCLUDE_IN_FRAMEWORK_HEADER = YES;
				CLANG_WARN_RANGE_LOOP_ANALYSIS = YES;
				CLANG_WARN_STRICT_PROTOTYPES = YES;
				CLANG_WARN_SUSPICIOUS_MOVE = YES;
				CLANG_WARN_UNGUARDED_AVAILABILITY = YES_AGGRESSIVE;
				CLANG_WARN_UNREACHABLE_CODE = YES;
				CLANG_WARN__DUPLICATE_METHOD_MATCH = YES;
				COPY_PHASE_STRIP = NO;
				DEBUG_INFORMATION_FORMAT = "dwarf-with-dsym";
				ENABLE_NS_ASSERTIONS = NO;
				ENABLE_STRICT_OBJC_MSGSEND = YES;
				ENABLE_USER_SCRIPT_SANDBOXING = YES;
				GCC_C_LANGUAGE_STANDARD = gnu17;
				GCC_NO_COMMON_BLOCKS = YES;
				GCC_WARN_64_TO_32_BIT_CONVERSION = YES;
				GCC_WARN_ABOUT_RETURN_TYPE = YES_ERROR;
				GCC_WARN_UNDECLARED_SELECTOR = YES;
				GCC_WARN_UNINITIALIZED_AUTOS = YES_AGGRESSIVE;
				GCC_WARN_UNUSED_FUNCTION = YES;
				GCC_WARN_UNUSED_VARIABLE = YES;
				IPHONEOS_DEPLOYMENT_TARGET = 17.2;
				LOCALIZATION_PREFERS_STRING_CATALOGS = YES;
				MTL_ENABLE_DEBUG_INFO = NO;
				MTL_FAST_MATH = YES;
				SDKROOT = iphoneos;
				SWIFT_COMPILATION_MODE = wholemodule;
				VALIDATE_PRODUCT = YES;
			};
			name = Release;
		};
		6E4F86912B4D74F8002C8E26 /* Debug */ = {
			isa = XCBuildConfiguration;
			buildSettings = {
				ASSETCATALOG_COMPILER_APPICON_NAME = AppIcon;
				ASSETCATALOG_COMPILER_GLOBAL_ACCENT_COLOR_NAME = AccentColor;
				CODE_SIGN_STYLE = Automatic;
				CURRENT_PROJECT_VERSION = 1;
				DEVELOPMENT_ASSET_PATHS = "\"MarvelAppTCA/Preview Content\"";
				DEVELOPMENT_TEAM = A93689JNSR;
				ENABLE_PREVIEWS = YES;
				GENERATE_INFOPLIST_FILE = YES;
				INFOPLIST_FILE = MarvelAppTCA/Info.plist;
				INFOPLIST_KEY_UIApplicationSceneManifest_Generation = YES;
				INFOPLIST_KEY_UIApplicationSupportsIndirectInputEvents = YES;
				INFOPLIST_KEY_UILaunchScreen_Generation = YES;
				INFOPLIST_KEY_UISupportedInterfaceOrientations_iPad = "UIInterfaceOrientationPortrait UIInterfaceOrientationPortraitUpsideDown UIInterfaceOrientationLandscapeLeft UIInterfaceOrientationLandscapeRight";
				INFOPLIST_KEY_UISupportedInterfaceOrientations_iPhone = "UIInterfaceOrientationPortrait UIInterfaceOrientationLandscapeLeft UIInterfaceOrientationLandscapeRight";
				LD_RUNPATH_SEARCH_PATHS = (
					"$(inherited)",
					"@executable_path/Frameworks",
				);
				MARKETING_VERSION = 1.0;
				PRODUCT_BUNDLE_IDENTIFIER = com.luisgustavo.MarvelAppTCA;
				PRODUCT_NAME = "$(TARGET_NAME)";
				SWIFT_EMIT_LOC_STRINGS = YES;
				SWIFT_VERSION = 5.0;
				TARGETED_DEVICE_FAMILY = "1,2";
			};
			name = Debug;
		};
		6E4F86922B4D74F8002C8E26 /* Release */ = {
			isa = XCBuildConfiguration;
			buildSettings = {
				ASSETCATALOG_COMPILER_APPICON_NAME = AppIcon;
				ASSETCATALOG_COMPILER_GLOBAL_ACCENT_COLOR_NAME = AccentColor;
				CODE_SIGN_STYLE = Automatic;
				CURRENT_PROJECT_VERSION = 1;
				DEVELOPMENT_ASSET_PATHS = "\"MarvelAppTCA/Preview Content\"";
				DEVELOPMENT_TEAM = A93689JNSR;
				ENABLE_PREVIEWS = YES;
				GENERATE_INFOPLIST_FILE = YES;
				INFOPLIST_FILE = MarvelAppTCA/Info.plist;
				INFOPLIST_KEY_UIApplicationSceneManifest_Generation = YES;
				INFOPLIST_KEY_UIApplicationSupportsIndirectInputEvents = YES;
				INFOPLIST_KEY_UILaunchScreen_Generation = YES;
				INFOPLIST_KEY_UISupportedInterfaceOrientations_iPad = "UIInterfaceOrientationPortrait UIInterfaceOrientationPortraitUpsideDown UIInterfaceOrientationLandscapeLeft UIInterfaceOrientationLandscapeRight";
				INFOPLIST_KEY_UISupportedInterfaceOrientations_iPhone = "UIInterfaceOrientationPortrait UIInterfaceOrientationLandscapeLeft UIInterfaceOrientationLandscapeRight";
				LD_RUNPATH_SEARCH_PATHS = (
					"$(inherited)",
					"@executable_path/Frameworks",
				);
				MARKETING_VERSION = 1.0;
				PRODUCT_BUNDLE_IDENTIFIER = com.luisgustavo.MarvelAppTCA;
				PRODUCT_NAME = "$(TARGET_NAME)";
				SWIFT_EMIT_LOC_STRINGS = YES;
				SWIFT_VERSION = 5.0;
				TARGETED_DEVICE_FAMILY = "1,2";
			};
			name = Release;
		};
		6E4F86942B4D74F8002C8E26 /* Debug */ = {
			isa = XCBuildConfiguration;
			buildSettings = {
				ALWAYS_EMBED_SWIFT_STANDARD_LIBRARIES = YES;
				BUNDLE_LOADER = "$(TEST_HOST)";
				CLANG_ENABLE_MODULES = YES;
				CODE_SIGN_STYLE = Automatic;
				CURRENT_PROJECT_VERSION = 1;
				DEVELOPMENT_TEAM = A93689JNSR;
				GENERATE_INFOPLIST_FILE = YES;
				IPHONEOS_DEPLOYMENT_TARGET = 17.2;
				MARKETING_VERSION = 1.0;
				PRODUCT_BUNDLE_IDENTIFIER = com.luisgustavo.MarvelAppTCATests;
				PRODUCT_NAME = "$(TARGET_NAME)";
				SWIFT_EMIT_LOC_STRINGS = NO;
				SWIFT_OBJC_BRIDGING_HEADER = "MarvelAppTCATests/MarvelAppTCATests-Bridging-Header.h";
				SWIFT_OPTIMIZATION_LEVEL = "-Onone";
				SWIFT_VERSION = 5.0;
				TARGETED_DEVICE_FAMILY = "1,2";
				TEST_HOST = "$(BUILT_PRODUCTS_DIR)/MarvelAppTCA.app/$(BUNDLE_EXECUTABLE_FOLDER_PATH)/MarvelAppTCA";
			};
			name = Debug;
		};
		6E4F86952B4D74F8002C8E26 /* Release */ = {
			isa = XCBuildConfiguration;
			buildSettings = {
				ALWAYS_EMBED_SWIFT_STANDARD_LIBRARIES = YES;
				BUNDLE_LOADER = "$(TEST_HOST)";
				CLANG_ENABLE_MODULES = YES;
				CODE_SIGN_STYLE = Automatic;
				CURRENT_PROJECT_VERSION = 1;
				DEVELOPMENT_TEAM = A93689JNSR;
				GENERATE_INFOPLIST_FILE = YES;
				IPHONEOS_DEPLOYMENT_TARGET = 17.2;
				MARKETING_VERSION = 1.0;
				PRODUCT_BUNDLE_IDENTIFIER = com.luisgustavo.MarvelAppTCATests;
				PRODUCT_NAME = "$(TARGET_NAME)";
				SWIFT_EMIT_LOC_STRINGS = NO;
				SWIFT_OBJC_BRIDGING_HEADER = "MarvelAppTCATests/MarvelAppTCATests-Bridging-Header.h";
				SWIFT_VERSION = 5.0;
				TARGETED_DEVICE_FAMILY = "1,2";
				TEST_HOST = "$(BUILT_PRODUCTS_DIR)/MarvelAppTCA.app/$(BUNDLE_EXECUTABLE_FOLDER_PATH)/MarvelAppTCA";
			};
			name = Release;
		};
		6E4F86972B4D74F8002C8E26 /* Debug */ = {
			isa = XCBuildConfiguration;
			buildSettings = {
				ALWAYS_EMBED_SWIFT_STANDARD_LIBRARIES = YES;
				CODE_SIGN_STYLE = Automatic;
				CURRENT_PROJECT_VERSION = 1;
				DEVELOPMENT_TEAM = A93689JNSR;
				GENERATE_INFOPLIST_FILE = YES;
				MARKETING_VERSION = 1.0;
				PRODUCT_BUNDLE_IDENTIFIER = com.luisgustavo.MarvelAppTCAUITests;
				PRODUCT_NAME = "$(TARGET_NAME)";
				SWIFT_EMIT_LOC_STRINGS = NO;
				SWIFT_VERSION = 5.0;
				TARGETED_DEVICE_FAMILY = "1,2";
				TEST_TARGET_NAME = MarvelAppTCA;
			};
			name = Debug;
		};
		6E4F86982B4D74F8002C8E26 /* Release */ = {
			isa = XCBuildConfiguration;
			buildSettings = {
				ALWAYS_EMBED_SWIFT_STANDARD_LIBRARIES = YES;
				CODE_SIGN_STYLE = Automatic;
				CURRENT_PROJECT_VERSION = 1;
				DEVELOPMENT_TEAM = A93689JNSR;
				GENERATE_INFOPLIST_FILE = YES;
				MARKETING_VERSION = 1.0;
				PRODUCT_BUNDLE_IDENTIFIER = com.luisgustavo.MarvelAppTCAUITests;
				PRODUCT_NAME = "$(TARGET_NAME)";
				SWIFT_EMIT_LOC_STRINGS = NO;
				SWIFT_VERSION = 5.0;
				TARGETED_DEVICE_FAMILY = "1,2";
				TEST_TARGET_NAME = MarvelAppTCA;
			};
			name = Release;
		};
/* End XCBuildConfiguration section */

/* Begin XCConfigurationList section */
		6E4F86672B4D74F7002C8E26 /* Build configuration list for PBXProject "MarvelAppTCA" */ = {
			isa = XCConfigurationList;
			buildConfigurations = (
				6E4F868E2B4D74F8002C8E26 /* Debug */,
				6E4F868F2B4D74F8002C8E26 /* Release */,
			);
			defaultConfigurationIsVisible = 0;
			defaultConfigurationName = Release;
		};
		6E4F86902B4D74F8002C8E26 /* Build configuration list for PBXNativeTarget "MarvelAppTCA" */ = {
			isa = XCConfigurationList;
			buildConfigurations = (
				6E4F86912B4D74F8002C8E26 /* Debug */,
				6E4F86922B4D74F8002C8E26 /* Release */,
			);
			defaultConfigurationIsVisible = 0;
			defaultConfigurationName = Release;
		};
		6E4F86932B4D74F8002C8E26 /* Build configuration list for PBXNativeTarget "MarvelAppTCATests" */ = {
			isa = XCConfigurationList;
			buildConfigurations = (
				6E4F86942B4D74F8002C8E26 /* Debug */,
				6E4F86952B4D74F8002C8E26 /* Release */,
			);
			defaultConfigurationIsVisible = 0;
			defaultConfigurationName = Release;
		};
		6E4F86962B4D74F8002C8E26 /* Build configuration list for PBXNativeTarget "MarvelAppTCAUITests" */ = {
			isa = XCConfigurationList;
			buildConfigurations = (
				6E4F86972B4D74F8002C8E26 /* Debug */,
				6E4F86982B4D74F8002C8E26 /* Release */,
			);
			defaultConfigurationIsVisible = 0;
			defaultConfigurationName = Release;
		};
/* End XCConfigurationList section */

/* Begin XCRemoteSwiftPackageReference section */
		6E4F86992B4D76CD002C8E26 /* XCRemoteSwiftPackageReference "swift-composable-architecture" */ = {
			isa = XCRemoteSwiftPackageReference;
			repositoryURL = "https://github.com/pointfreeco/swift-composable-architecture";
			requirement = {
				kind = upToNextMajorVersion;
				minimumVersion = 1.6.0;
			};
		};
/* End XCRemoteSwiftPackageReference section */

/* Begin XCSwiftPackageProductDependency section */
		6E4F869A2B4D76CD002C8E26 /* ComposableArchitecture */ = {
			isa = XCSwiftPackageProductDependency;
			package = 6E4F86992B4D76CD002C8E26 /* XCRemoteSwiftPackageReference "swift-composable-architecture" */;
			productName = ComposableArchitecture;
		};
		6E4F869D2B4D77F7002C8E26 /* Networking */ = {
			isa = XCSwiftPackageProductDependency;
			productName = Networking;
		};
/* End XCSwiftPackageProductDependency section */
	};
	rootObject = 6E4F86642B4D74F7002C8E26 /* Project object */;
}
